
Microsoft Visual Studio Solution File, Format Version 12.00
# Visual Studio Version 17
VisualStudioVersion = 17.11.35327.3
MinimumVisualStudioVersion = 10.0.40219.1
Project("{9A19103F-16F7-4668-BE54-9A1E7A4F7556}") = "ShareYourPlaylist", "ShareYourPlaylist\ShareYourPlaylist.csproj", "{7B6E92C3-295C-4980-A21D-2F87021C3230}"
EndProject
Global
	GlobalSection(SolutionConfigurationPlatforms) = preSolution
		Debug|Any CPU = Debug|Any CPU
		Release|Any CPU = Release|Any CPU
	EndGlobalSection
	GlobalSection(ProjectConfigurationPlatforms) = postSolution
		{7B6E92C3-295C-4980-A21D-2F87021C3230}.Debug|Any CPU.ActiveCfg = Debug|Any CPU
		{7B6E92C3-295C-4980-A21D-2F87021C3230}.Debug|Any CPU.Build.0 = Debug|Any CPU
		{7B6E92C3-295C-4980-A21D-2F87021C3230}.Release|Any CPU.ActiveCfg = Release|Any CPU
		{7B6E92C3-295C-4980-A21D-2F87021C3230}.Release|Any CPU.Build.0 = Release|Any CPU
	EndGlobalSection
	GlobalSection(SolutionProperties) = preSolution
		HideSolutionNode = FALSE
	EndGlobalSection
	GlobalSection(ExtensibilityGlobals) = postSolution
		SolutionGuid = {ADC225CF-897A-47D6-A0F5-0658A569F72E}
	EndGlobalSection
EndGlobal
